Microsoft Visual Studio Solution File, Format Version 12.00
# Visual Studio 15
VisualStudioVersion = 15.0.26228.4
MinimumVisualStudioVersion = 10.0.40219.1
Project("{2150E333-8FDC-42A3-9474-1A3956D46DE8}") = "Tests", "Tests", "{3D7BA565-AE66-447A-AF77-81106169A83A}"
EndProject
Project("{2150E333-8FDC-42A3-9474-1A3956D46DE8}") = "Solution Items", "Solution Items", "{A359CB29-3E2A-4A41-A897-725C5A0888C6}"
	ProjectSection(SolutionItems) = preProject
		.travis.yml = .travis.yml
		appveyor.yml = appveyor.yml
	EndProjectSection
EndProject
Project("{2150E333-8FDC-42A3-9474-1A3956D46DE8}") = "src", "src", "{EF1B7483-88D5-4E7B-A194-E7375C9E1227}"
EndProject
Project("{9A19103F-16F7-4668-BE54-9A1E7A4F7556}") = "Tests", "tests\Tests.csproj", "{46BA8A52-1F53-4099-9F62-540D149F287D}"
EndProject
Project("{9A19103F-16F7-4668-BE54-9A1E7A4F7556}") = "Mandrill.net", "src\Mandrill.net\Mandrill.net.csproj", "{29C93DA7-379F-40CA-9BF3-0F6AA006E28E}"
EndProject
Global
	GlobalSection(SolutionConfigurationPlatforms) = preSolution
		Debug|Any CPU = Debug|Any CPU
		Debug|x64 = Debug|x64
		Debug|x86 = Debug|x86
		Release|Any CPU = Release|Any CPU
		Release|x64 = Release|x64
		Release|x86 = Release|x86
	EndGlobalSection
	GlobalSection(ProjectConfigurationPlatforms) = postSolution
		{46BA8A52-1F53-4099-9F62-540D149F287D}.Debug|Any CPU.ActiveCfg = Debug|Any CPU
		{46BA8A52-1F53-4099-9F62-540D149F287D}.Debug|Any CPU.Build.0 = Debug|Any CPU
		{46BA8A52-1F53-4099-9F62-540D149F287D}.Debug|x64.ActiveCfg = Debug|Any CPU
		{46BA8A52-1F53-4099-9F62-540D149F287D}.Debug|x64.Build.0 = Debug|Any CPU
		{46BA8A52-1F53-4099-9F62-540D149F287D}.Debug|x86.ActiveCfg = Debug|Any CPU
		{46BA8A52-1F53-4099-9F62-540D149F287D}.Debug|x86.Build.0 = Debug|Any CPU
		{46BA8A52-1F53-4099-9F62-540D149F287D}.Release|Any CPU.ActiveCfg = Release|Any CPU
		{46BA8A52-1F53-4099-9F62-540D149F287D}.Release|Any CPU.Build.0 = Release|Any CPU
		{46BA8A52-1F53-4099-9F62-540D149F287D}.Release|x64.ActiveCfg = Release|Any CPU
		{46BA8A52-1F53-4099-9F62-540D149F287D}.Release|x64.Build.0 = Release|Any CPU
		{46BA8A52-1F53-4099-9F62-540D149F287D}.Release|x86.ActiveCfg = Release|Any CPU
		{46BA8A52-1F53-4099-9F62-540D149F287D}.Release|x86.Build.0 = Release|Any CPU
		{29C93DA7-379F-40CA-9BF3-0F6AA006E28E}.Debug|Any CPU.ActiveCfg = Debug|Any CPU
		{29C93DA7-379F-40CA-9BF3-0F6AA006E28E}.Debug|Any CPU.Build.0 = Debug|Any CPU
		{29C93DA7-379F-40CA-9BF3-0F6AA006E28E}.Debug|x64.ActiveCfg = Debug|Any CPU
		{29C93DA7-379F-40CA-9BF3-0F6AA006E28E}.Debug|x64.Build.0 = Debug|Any CPU
		{29C93DA7-379F-40CA-9BF3-0F6AA006E28E}.Debug|x86.ActiveCfg = Debug|Any CPU
		{29C93DA7-379F-40CA-9BF3-0F6AA006E28E}.Debug|x86.Build.0 = Debug|Any CPU
		{29C93DA7-379F-40CA-9BF3-0F6AA006E28E}.Release|Any CPU.ActiveCfg = Release|Any CPU
		{29C93DA7-379F-40CA-9BF3-0F6AA006E28E}.Release|Any CPU.Build.0 = Release|Any CPU
		{29C93DA7-379F-40CA-9BF3-0F6AA006E28E}.Release|x64.ActiveCfg = Release|Any CPU
		{29C93DA7-379F-40CA-9BF3-0F6AA006E28E}.Release|x64.Build.0 = Release|Any CPU
		{29C93DA7-379F-40CA-9BF3-0F6AA006E28E}.Release|x86.ActiveCfg = Release|Any CPU
		{29C93DA7-379F-40CA-9BF3-0F6AA006E28E}.Release|x86.Build.0 = Release|Any CPU
	EndGlobalSection
	GlobalSection(SolutionProperties) = preSolution
		HideSolutionNode = FALSE
	EndGlobalSection
	GlobalSection(NestedProjects) = preSolution
		{46BA8A52-1F53-4099-9F62-540D149F287D} = {3D7BA565-AE66-447A-AF77-81106169A83A}
		{29C93DA7-379F-40CA-9BF3-0F6AA006E28E} = {EF1B7483-88D5-4E7B-A194-E7375C9E1227}
	EndGlobalSection
EndGlobal
