
Microsoft Visual Studio Solution File, Format Version 12.00
# Visual Studio 2013
VisualStudioVersion = 12.0.31101.0
MinimumVisualStudioVersion = 10.0.40219.1
Project("{FAE04EC0-301F-11D3-BF4B-00C04F79EFBC}") = "Mandrill", "src\Mandrill.net\csproj\Mandrill.csproj", "{CE62869F-2F07-4230-BC84-CE07E7719F14}"
EndProject
Project("{FAE04EC0-301F-11D3-BF4B-00C04F79EFBC}") = "Tests", "tests\Tests\csproj\Tests.csproj", "{EF66F8EB-E18F-48B0-89A1-C80DB50002AB}"
EndProject
Global
	GlobalSection(SolutionConfigurationPlatforms) = preSolution
		Debug|Any CPU = Debug|Any CPU
		Release|Any CPU = Release|Any CPU
	EndGlobalSection
	GlobalSection(ProjectConfigurationPlatforms) = postSolution
		{CE62869F-2F07-4230-BC84-CE07E7719F14}.Debug|Any CPU.ActiveCfg = Debug|Any CPU
		{CE62869F-2F07-4230-BC84-CE07E7719F14}.Debug|Any CPU.Build.0 = Debug|Any CPU
		{CE62869F-2F07-4230-BC84-CE07E7719F14}.Release|Any CPU.ActiveCfg = Release|Any CPU
		{CE62869F-2F07-4230-BC84-CE07E7719F14}.Release|Any CPU.Build.0 = Release|Any CPU
		{EF66F8EB-E18F-48B0-89A1-C80DB50002AB}.Debug|Any CPU.ActiveCfg = Debug|Any CPU
		{EF66F8EB-E18F-48B0-89A1-C80DB50002AB}.Debug|Any CPU.Build.0 = Debug|Any CPU
		{EF66F8EB-E18F-48B0-89A1-C80DB50002AB}.Release|Any CPU.ActiveCfg = Release|Any CPU
		{EF66F8EB-E18F-48B0-89A1-C80DB50002AB}.Release|Any CPU.Build.0 = Release|Any CPU
	EndGlobalSection
	GlobalSection(SolutionProperties) = preSolution
		HideSolutionNode = FALSE
	EndGlobalSection
EndGlobal
